
Microsoft Visual Studio Solution File, Format Version 12.00
# Visual Studio Version 16
VisualStudioVersion = 16.0.31205.134
MinimumVisualStudioVersion = 10.0.40219.1
Project("{FAE04EC0-301F-11D3-BF4B-00C04F79EFBC}") = "Investment Calculator", "Investment Calculator\Investment Calculator.csproj", "{09746231-6786-46FA-9313-41DAD2FC104D}"
EndProject
Global
	GlobalSection(SolutionConfigurationPlatforms) = preSolution
		Debug|Any CPU = Debug|Any CPU
		Release|Any CPU = Release|Any CPU
	EndGlobalSection
	GlobalSection(ProjectConfigurationPlatforms) = postSolution
		{09746231-6786-46FA-9313-41DAD2FC104D}.Debug|Any CPU.ActiveCfg = Debug|Any CPU
		{09746231-6786-46FA-9313-41DAD2FC104D}.Debug|Any CPU.Build.0 = Debug|Any CPU
		{09746231-6786-46FA-9313-41DAD2FC104D}.Release|Any CPU.ActiveCfg = Release|Any CPU
		{09746231-6786-46FA-9313-41DAD2FC104D}.Release|Any CPU.Build.0 = Release|Any CPU
	EndGlobalSection
	GlobalSection(SolutionProperties) = preSolution
		HideSolutionNode = FALSE
	EndGlobalSection
	GlobalSection(ExtensibilityGlobals) = postSolution
		SolutionGuid = {A05E886A-2BD4-4782-8E58-D0716D563C55}
	EndGlobalSection
EndGlobal
